
Microsoft Visual Studio Solution File, Format Version 12.00
# Visual Studio Version 16
VisualStudioVersion = 16.0.29215.179
MinimumVisualStudioVersion = 10.0.40219.1
Project("{8BC9CEB8-8B4A-11D0-8D11-00A0C91BC942}") = "Master", "Master\Master.vcxproj", "{EB39B676-1E6C-492A-86C7-DB3B1AD8E805}"
	ProjectSection(ProjectDependencies) = postProject
		{75B70322-8ACB-4C4C-B54E-AF62B0EF45C4} = {75B70322-8ACB-4C4C-B54E-AF62B0EF45C4}
		{D9065192-C0AA-48E7-8EEE-AB6A0E4100CA} = {D9065192-C0AA-48E7-8EEE-AB6A0E4100CA}
		{D637AF9E-9CD6-4D83-B8E6-72B0FE182171} = {D637AF9E-9CD6-4D83-B8E6-72B0FE182171}
		{37AE25AF-31DA-4DF6-9060-9B5566A9C6EC} = {37AE25AF-31DA-4DF6-9060-9B5566A9C6EC}
		{B48C41B4-800B-47A5-9C95-61AE528176CC} = {B48C41B4-800B-47A5-9C95-61AE528176CC}
		{8C083ADE-7C19-427B-AEA8-544130439B15} = {8C083ADE-7C19-427B-AEA8-544130439B15}
		{581818F6-BA98-4B9C-98EA-5BB1448029DF} = {581818F6-BA98-4B9C-98EA-5BB1448029DF}
	EndProjectSection
EndProject
Project("{2150E333-8FDC-42A3-9474-1A3956D46DE8}") = "Reference Projects", "Reference Projects", "{3AC928A9-F06B-4187-B638-94DA0BC3B455}"
EndProject
Project("{8BC9CEB8-8B4A-11D0-8D11-00A0C91BC942}") = "week_02", "..\Reference\info6046\week_02\week_02.vcxproj", "{E8329268-E660-4C18-A8C1-33F1C9F5A1B1}"
EndProject
Project("{8BC9CEB8-8B4A-11D0-8D11-00A0C91BC942}") = "Template", "Template\Template.vcxproj", "{76A81192-F072-4B80-9178-73F5A69F2E06}"
EndProject
Project("{2150E333-8FDC-42A3-9474-1A3956D46DE8}") = "Tools", "Tools", "{D745465D-CF0A-485E-A5C1-47A028B636A0}"
EndProject
Project("{2150E333-8FDC-42A3-9474-1A3956D46DE8}") = "Tests", "Tests", "{D750EAF2-6EC9-4DA0-AE45-A264526DD69A}"
EndProject
Project("{2150E333-8FDC-42A3-9474-1A3956D46DE8}") = "External", "External", "{B559CB85-A0D9-4471-8598-37A0BD1CAE23}"
EndProject
Project("{8BC9CEB8-8B4A-11D0-8D11-00A0C91BC942}") = "fmod", "External\fmod\fmod.vcxproj", "{37AE25AF-31DA-4DF6-9060-9B5566A9C6EC}"
EndProject
Project("{8BC9CEB8-8B4A-11D0-8D11-00A0C91BC942}") = "glm", "External\glm\glm.vcxproj", "{D637AF9E-9CD6-4D83-B8E6-72B0FE182171}"
EndProject
Project("{8BC9CEB8-8B4A-11D0-8D11-00A0C91BC942}") = "gtest", "External\gtest\gtest.vcxproj", "{B48C41B4-800B-47A5-9C95-61AE528176CC}"
EndProject
Project("{8BC9CEB8-8B4A-11D0-8D11-00A0C91BC942}") = "gl", "External\gl\gl.vcxproj", "{581818F6-BA98-4B9C-98EA-5BB1448029DF}"
EndProject
Project("{2150E333-8FDC-42A3-9474-1A3956D46DE8}") = "Libraries", "Libraries", "{BF40E9F7-952E-4B5B-8205-39951CF0FA7F}"
EndProject
Project("{8BC9CEB8-8B4A-11D0-8D11-00A0C91BC942}") = "OpenGL", "Libraries\OpenGL\OpenGL.vcxproj", "{D9065192-C0AA-48E7-8EEE-AB6A0E4100CA}"
EndProject
Project("{8BC9CEB8-8B4A-11D0-8D11-00A0C91BC942}") = "CreateGLHeaders", "Tools\CreateGLHeaders\CreateGLHeaders.vcxproj", "{D9EE3E5F-AB1B-451D-85FB-4973C6C278A0}"
	ProjectSection(ProjectDependencies) = postProject
		{D637AF9E-9CD6-4D83-B8E6-72B0FE182171} = {D637AF9E-9CD6-4D83-B8E6-72B0FE182171}
		{581818F6-BA98-4B9C-98EA-5BB1448029DF} = {581818F6-BA98-4B9C-98EA-5BB1448029DF}
	EndProjectSection
EndProject
Project("{8BC9CEB8-8B4A-11D0-8D11-00A0C91BC942}") = "CreateGLFWHeaders", "Tools\CreateGLFWHeaders\CreateGLFWHeaders.vcxproj", "{01CB6B4F-77E0-40E0-8797-C8C3FE20FE5F}"
EndProject
Project("{8BC9CEB8-8B4A-11D0-8D11-00A0C91BC942}") = "boost", "External\boost\boost.vcxproj", "{8C083ADE-7C19-427B-AEA8-544130439B15}"
EndProject
Project("{8BC9CEB8-8B4A-11D0-8D11-00A0C91BC942}") = "rapidxml", "External\rapidxml\rapidxml.vcxproj", "{75B70322-8ACB-4C4C-B54E-AF62B0EF45C4}"
EndProject
Project("{8BC9CEB8-8B4A-11D0-8D11-00A0C91BC942}") = "OpenGLRawTest", "Tests\OpenGLRawTest\OpenGLRawTest.vcxproj", "{129C62D9-1488-41AA-9E6B-D908CB446335}"
	ProjectSection(ProjectDependencies) = postProject
		{D9065192-C0AA-48E7-8EEE-AB6A0E4100CA} = {D9065192-C0AA-48E7-8EEE-AB6A0E4100CA}
		{D637AF9E-9CD6-4D83-B8E6-72B0FE182171} = {D637AF9E-9CD6-4D83-B8E6-72B0FE182171}
		{581818F6-BA98-4B9C-98EA-5BB1448029DF} = {581818F6-BA98-4B9C-98EA-5BB1448029DF}
	EndProjectSection
EndProject
Project("{8BC9CEB8-8B4A-11D0-8D11-00A0C91BC942}") = "GDP2019_20", "..\External\GDP2019_20\GDP2019_20\GDP2019_20.vcxproj", "{AC89A0D6-36A9-4B42-948D-5A55BA436D9A}"
EndProject
Project("{8BC9CEB8-8B4A-11D0-8D11-00A0C91BC942}") = "InherInCpp", "..\External\GDP2019_20\InherInCpp\InherInCpp.vcxproj", "{323726FA-6F62-4C7C-9122-42FF7CDB75D3}"
EndProject
Global
	GlobalSection(SolutionConfigurationPlatforms) = preSolution
		Debug|x64 = Debug|x64
		Debug|x86 = Debug|x86
		Release|x64 = Release|x64
		Release|x86 = Release|x86
	EndGlobalSection
	GlobalSection(ProjectConfigurationPlatforms) = postSolution
		{EB39B676-1E6C-492A-86C7-DB3B1AD8E805}.Debug|x64.ActiveCfg = Debug|x64
		{EB39B676-1E6C-492A-86C7-DB3B1AD8E805}.Debug|x64.Build.0 = Debug|x64
		{EB39B676-1E6C-492A-86C7-DB3B1AD8E805}.Debug|x86.ActiveCfg = Debug|Win32
		{EB39B676-1E6C-492A-86C7-DB3B1AD8E805}.Debug|x86.Build.0 = Debug|Win32
		{EB39B676-1E6C-492A-86C7-DB3B1AD8E805}.Release|x64.ActiveCfg = Release|x64
		{EB39B676-1E6C-492A-86C7-DB3B1AD8E805}.Release|x64.Build.0 = Release|x64
		{EB39B676-1E6C-492A-86C7-DB3B1AD8E805}.Release|x86.ActiveCfg = Release|Win32
		{EB39B676-1E6C-492A-86C7-DB3B1AD8E805}.Release|x86.Build.0 = Release|Win32
		{E8329268-E660-4C18-A8C1-33F1C9F5A1B1}.Debug|x64.ActiveCfg = Debug|x64
		{E8329268-E660-4C18-A8C1-33F1C9F5A1B1}.Debug|x64.Build.0 = Debug|x64
		{E8329268-E660-4C18-A8C1-33F1C9F5A1B1}.Debug|x86.ActiveCfg = Debug|Win32
		{E8329268-E660-4C18-A8C1-33F1C9F5A1B1}.Debug|x86.Build.0 = Debug|Win32
		{E8329268-E660-4C18-A8C1-33F1C9F5A1B1}.Release|x64.ActiveCfg = Release|x64
		{E8329268-E660-4C18-A8C1-33F1C9F5A1B1}.Release|x64.Build.0 = Release|x64
		{E8329268-E660-4C18-A8C1-33F1C9F5A1B1}.Release|x86.ActiveCfg = Release|Win32
		{E8329268-E660-4C18-A8C1-33F1C9F5A1B1}.Release|x86.Build.0 = Release|Win32
		{76A81192-F072-4B80-9178-73F5A69F2E06}.Debug|x64.ActiveCfg = Debug|x64
		{76A81192-F072-4B80-9178-73F5A69F2E06}.Debug|x64.Build.0 = Debug|x64
		{76A81192-F072-4B80-9178-73F5A69F2E06}.Debug|x86.ActiveCfg = Debug|Win32
		{76A81192-F072-4B80-9178-73F5A69F2E06}.Debug|x86.Build.0 = Debug|Win32
		{76A81192-F072-4B80-9178-73F5A69F2E06}.Release|x64.ActiveCfg = Release|x64
		{76A81192-F072-4B80-9178-73F5A69F2E06}.Release|x64.Build.0 = Release|x64
		{76A81192-F072-4B80-9178-73F5A69F2E06}.Release|x86.ActiveCfg = Release|Win32
		{76A81192-F072-4B80-9178-73F5A69F2E06}.Release|x86.Build.0 = Release|Win32
		{37AE25AF-31DA-4DF6-9060-9B5566A9C6EC}.Debug|x64.ActiveCfg = Debug|x64
		{37AE25AF-31DA-4DF6-9060-9B5566A9C6EC}.Debug|x64.Build.0 = Debug|x64
		{37AE25AF-31DA-4DF6-9060-9B5566A9C6EC}.Debug|x86.ActiveCfg = Debug|Win32
		{37AE25AF-31DA-4DF6-9060-9B5566A9C6EC}.Debug|x86.Build.0 = Debug|Win32
		{37AE25AF-31DA-4DF6-9060-9B5566A9C6EC}.Release|x64.ActiveCfg = Release|x64
		{37AE25AF-31DA-4DF6-9060-9B5566A9C6EC}.Release|x64.Build.0 = Release|x64
		{37AE25AF-31DA-4DF6-9060-9B5566A9C6EC}.Release|x86.ActiveCfg = Release|Win32
		{37AE25AF-31DA-4DF6-9060-9B5566A9C6EC}.Release|x86.Build.0 = Release|Win32
		{D637AF9E-9CD6-4D83-B8E6-72B0FE182171}.Debug|x64.ActiveCfg = Debug|x64
		{D637AF9E-9CD6-4D83-B8E6-72B0FE182171}.Debug|x64.Build.0 = Debug|x64
		{D637AF9E-9CD6-4D83-B8E6-72B0FE182171}.Debug|x86.ActiveCfg = Debug|Win32
		{D637AF9E-9CD6-4D83-B8E6-72B0FE182171}.Debug|x86.Build.0 = Debug|Win32
		{D637AF9E-9CD6-4D83-B8E6-72B0FE182171}.Release|x64.ActiveCfg = Release|x64
		{D637AF9E-9CD6-4D83-B8E6-72B0FE182171}.Release|x64.Build.0 = Release|x64
		{D637AF9E-9CD6-4D83-B8E6-72B0FE182171}.Release|x86.ActiveCfg = Release|Win32
		{D637AF9E-9CD6-4D83-B8E6-72B0FE182171}.Release|x86.Build.0 = Release|Win32
		{B48C41B4-800B-47A5-9C95-61AE528176CC}.Debug|x64.ActiveCfg = Debug|x64
		{B48C41B4-800B-47A5-9C95-61AE528176CC}.Debug|x64.Build.0 = Debug|x64
		{B48C41B4-800B-47A5-9C95-61AE528176CC}.Debug|x86.ActiveCfg = Debug|Win32
		{B48C41B4-800B-47A5-9C95-61AE528176CC}.Debug|x86.Build.0 = Debug|Win32
		{B48C41B4-800B-47A5-9C95-61AE528176CC}.Release|x64.ActiveCfg = Release|x64
		{B48C41B4-800B-47A5-9C95-61AE528176CC}.Release|x64.Build.0 = Release|x64
		{B48C41B4-800B-47A5-9C95-61AE528176CC}.Release|x86.ActiveCfg = Release|Win32
		{B48C41B4-800B-47A5-9C95-61AE528176CC}.Release|x86.Build.0 = Release|Win32
		{581818F6-BA98-4B9C-98EA-5BB1448029DF}.Debug|x64.ActiveCfg = Debug|x64
		{581818F6-BA98-4B9C-98EA-5BB1448029DF}.Debug|x64.Build.0 = Debug|x64
		{581818F6-BA98-4B9C-98EA-5BB1448029DF}.Debug|x86.ActiveCfg = Debug|Win32
		{581818F6-BA98-4B9C-98EA-5BB1448029DF}.Debug|x86.Build.0 = Debug|Win32
		{581818F6-BA98-4B9C-98EA-5BB1448029DF}.Release|x64.ActiveCfg = Release|x64
		{581818F6-BA98-4B9C-98EA-5BB1448029DF}.Release|x64.Build.0 = Release|x64
		{581818F6-BA98-4B9C-98EA-5BB1448029DF}.Release|x86.ActiveCfg = Release|Win32
		{581818F6-BA98-4B9C-98EA-5BB1448029DF}.Release|x86.Build.0 = Release|Win32
		{D9065192-C0AA-48E7-8EEE-AB6A0E4100CA}.Debug|x64.ActiveCfg = Debug|x64
		{D9065192-C0AA-48E7-8EEE-AB6A0E4100CA}.Debug|x64.Build.0 = Debug|x64
		{D9065192-C0AA-48E7-8EEE-AB6A0E4100CA}.Debug|x86.ActiveCfg = Debug|Win32
		{D9065192-C0AA-48E7-8EEE-AB6A0E4100CA}.Debug|x86.Build.0 = Debug|Win32
		{D9065192-C0AA-48E7-8EEE-AB6A0E4100CA}.Release|x64.ActiveCfg = Release|x64
		{D9065192-C0AA-48E7-8EEE-AB6A0E4100CA}.Release|x64.Build.0 = Release|x64
		{D9065192-C0AA-48E7-8EEE-AB6A0E4100CA}.Release|x86.ActiveCfg = Release|Win32
		{D9065192-C0AA-48E7-8EEE-AB6A0E4100CA}.Release|x86.Build.0 = Release|Win32
		{D9EE3E5F-AB1B-451D-85FB-4973C6C278A0}.Debug|x64.ActiveCfg = Debug|x64
		{D9EE3E5F-AB1B-451D-85FB-4973C6C278A0}.Debug|x64.Build.0 = Debug|x64
		{D9EE3E5F-AB1B-451D-85FB-4973C6C278A0}.Debug|x86.ActiveCfg = Debug|Win32
		{D9EE3E5F-AB1B-451D-85FB-4973C6C278A0}.Debug|x86.Build.0 = Debug|Win32
		{D9EE3E5F-AB1B-451D-85FB-4973C6C278A0}.Release|x64.ActiveCfg = Release|x64
		{D9EE3E5F-AB1B-451D-85FB-4973C6C278A0}.Release|x64.Build.0 = Release|x64
		{D9EE3E5F-AB1B-451D-85FB-4973C6C278A0}.Release|x86.ActiveCfg = Release|Win32
		{D9EE3E5F-AB1B-451D-85FB-4973C6C278A0}.Release|x86.Build.0 = Release|Win32
		{01CB6B4F-77E0-40E0-8797-C8C3FE20FE5F}.Debug|x64.ActiveCfg = Debug|x64
		{01CB6B4F-77E0-40E0-8797-C8C3FE20FE5F}.Debug|x64.Build.0 = Debug|x64
		{01CB6B4F-77E0-40E0-8797-C8C3FE20FE5F}.Debug|x86.ActiveCfg = Debug|Win32
		{01CB6B4F-77E0-40E0-8797-C8C3FE20FE5F}.Debug|x86.Build.0 = Debug|Win32
		{01CB6B4F-77E0-40E0-8797-C8C3FE20FE5F}.Release|x64.ActiveCfg = Release|x64
		{01CB6B4F-77E0-40E0-8797-C8C3FE20FE5F}.Release|x64.Build.0 = Release|x64
		{01CB6B4F-77E0-40E0-8797-C8C3FE20FE5F}.Release|x86.ActiveCfg = Release|Win32
		{01CB6B4F-77E0-40E0-8797-C8C3FE20FE5F}.Release|x86.Build.0 = Release|Win32
		{8C083ADE-7C19-427B-AEA8-544130439B15}.Debug|x64.ActiveCfg = Debug|x64
		{8C083ADE-7C19-427B-AEA8-544130439B15}.Debug|x64.Build.0 = Debug|x64
		{8C083ADE-7C19-427B-AEA8-544130439B15}.Debug|x86.ActiveCfg = Debug|Win32
		{8C083ADE-7C19-427B-AEA8-544130439B15}.Debug|x86.Build.0 = Debug|Win32
		{8C083ADE-7C19-427B-AEA8-544130439B15}.Release|x64.ActiveCfg = Release|x64
		{8C083ADE-7C19-427B-AEA8-544130439B15}.Release|x64.Build.0 = Release|x64
		{8C083ADE-7C19-427B-AEA8-544130439B15}.Release|x86.ActiveCfg = Release|Win32
		{8C083ADE-7C19-427B-AEA8-544130439B15}.Release|x86.Build.0 = Release|Win32
		{75B70322-8ACB-4C4C-B54E-AF62B0EF45C4}.Debug|x64.ActiveCfg = Debug|x64
		{75B70322-8ACB-4C4C-B54E-AF62B0EF45C4}.Debug|x64.Build.0 = Debug|x64
		{75B70322-8ACB-4C4C-B54E-AF62B0EF45C4}.Debug|x86.ActiveCfg = Debug|Win32
		{75B70322-8ACB-4C4C-B54E-AF62B0EF45C4}.Debug|x86.Build.0 = Debug|Win32
		{75B70322-8ACB-4C4C-B54E-AF62B0EF45C4}.Release|x64.ActiveCfg = Release|x64
		{75B70322-8ACB-4C4C-B54E-AF62B0EF45C4}.Release|x64.Build.0 = Release|x64
		{75B70322-8ACB-4C4C-B54E-AF62B0EF45C4}.Release|x86.ActiveCfg = Release|Win32
		{75B70322-8ACB-4C4C-B54E-AF62B0EF45C4}.Release|x86.Build.0 = Release|Win32
		{129C62D9-1488-41AA-9E6B-D908CB446335}.Debug|x64.ActiveCfg = Debug|x64
		{129C62D9-1488-41AA-9E6B-D908CB446335}.Debug|x64.Build.0 = Debug|x64
		{129C62D9-1488-41AA-9E6B-D908CB446335}.Debug|x86.ActiveCfg = Debug|Win32
		{129C62D9-1488-41AA-9E6B-D908CB446335}.Debug|x86.Build.0 = Debug|Win32
		{129C62D9-1488-41AA-9E6B-D908CB446335}.Release|x64.ActiveCfg = Release|x64
		{129C62D9-1488-41AA-9E6B-D908CB446335}.Release|x64.Build.0 = Release|x64
		{129C62D9-1488-41AA-9E6B-D908CB446335}.Release|x86.ActiveCfg = Release|Win32
		{129C62D9-1488-41AA-9E6B-D908CB446335}.Release|x86.Build.0 = Release|Win32
		{AC89A0D6-36A9-4B42-948D-5A55BA436D9A}.Debug|x64.ActiveCfg = Debug|x64
		{AC89A0D6-36A9-4B42-948D-5A55BA436D9A}.Debug|x64.Build.0 = Debug|x64
		{AC89A0D6-36A9-4B42-948D-5A55BA436D9A}.Debug|x86.ActiveCfg = Debug|Win32
		{AC89A0D6-36A9-4B42-948D-5A55BA436D9A}.Debug|x86.Build.0 = Debug|Win32
		{AC89A0D6-36A9-4B42-948D-5A55BA436D9A}.Release|x64.ActiveCfg = Release|x64
		{AC89A0D6-36A9-4B42-948D-5A55BA436D9A}.Release|x64.Build.0 = Release|x64
		{AC89A0D6-36A9-4B42-948D-5A55BA436D9A}.Release|x86.ActiveCfg = Release|Win32
		{AC89A0D6-36A9-4B42-948D-5A55BA436D9A}.Release|x86.Build.0 = Release|Win32
		{323726FA-6F62-4C7C-9122-42FF7CDB75D3}.Debug|x64.ActiveCfg = Debug|x64
		{323726FA-6F62-4C7C-9122-42FF7CDB75D3}.Debug|x64.Build.0 = Debug|x64
		{323726FA-6F62-4C7C-9122-42FF7CDB75D3}.Debug|x86.ActiveCfg = Debug|Win32
		{323726FA-6F62-4C7C-9122-42FF7CDB75D3}.Debug|x86.Build.0 = Debug|Win32
		{323726FA-6F62-4C7C-9122-42FF7CDB75D3}.Release|x64.ActiveCfg = Release|x64
		{323726FA-6F62-4C7C-9122-42FF7CDB75D3}.Release|x64.Build.0 = Release|x64
		{323726FA-6F62-4C7C-9122-42FF7CDB75D3}.Release|x86.ActiveCfg = Release|Win32
		{323726FA-6F62-4C7C-9122-42FF7CDB75D3}.Release|x86.Build.0 = Release|Win32
	EndGlobalSection
	GlobalSection(SolutionProperties) = preSolution
		HideSolutionNode = FALSE
	EndGlobalSection
	GlobalSection(NestedProjects) = preSolution
		{E8329268-E660-4C18-A8C1-33F1C9F5A1B1} = {3AC928A9-F06B-4187-B638-94DA0BC3B455}
		{37AE25AF-31DA-4DF6-9060-9B5566A9C6EC} = {B559CB85-A0D9-4471-8598-37A0BD1CAE23}
		{D637AF9E-9CD6-4D83-B8E6-72B0FE182171} = {B559CB85-A0D9-4471-8598-37A0BD1CAE23}
		{B48C41B4-800B-47A5-9C95-61AE528176CC} = {B559CB85-A0D9-4471-8598-37A0BD1CAE23}
		{581818F6-BA98-4B9C-98EA-5BB1448029DF} = {B559CB85-A0D9-4471-8598-37A0BD1CAE23}
		{D9065192-C0AA-48E7-8EEE-AB6A0E4100CA} = {BF40E9F7-952E-4B5B-8205-39951CF0FA7F}
		{D9EE3E5F-AB1B-451D-85FB-4973C6C278A0} = {D745465D-CF0A-485E-A5C1-47A028B636A0}
		{01CB6B4F-77E0-40E0-8797-C8C3FE20FE5F} = {D745465D-CF0A-485E-A5C1-47A028B636A0}
		{8C083ADE-7C19-427B-AEA8-544130439B15} = {B559CB85-A0D9-4471-8598-37A0BD1CAE23}
		{75B70322-8ACB-4C4C-B54E-AF62B0EF45C4} = {B559CB85-A0D9-4471-8598-37A0BD1CAE23}
		{129C62D9-1488-41AA-9E6B-D908CB446335} = {D750EAF2-6EC9-4DA0-AE45-A264526DD69A}
		{AC89A0D6-36A9-4B42-948D-5A55BA436D9A} = {3AC928A9-F06B-4187-B638-94DA0BC3B455}
		{323726FA-6F62-4C7C-9122-42FF7CDB75D3} = {3AC928A9-F06B-4187-B638-94DA0BC3B455}
	EndGlobalSection
	GlobalSection(ExtensibilityGlobals) = postSolution
		SolutionGuid = {E58139F6-A48E-4F2C-B54F-DD7E7FABD63F}
	EndGlobalSection
EndGlobal
