<?xml version="1.0" encoding="utf-8"?>
<Project ToolsVersion="4.0" xmlns="http://schemas.microsoft.com/developer/msbuild/2003">
  <ItemGroup>
    <Filter Include="Header Files">
      <UniqueIdentifier>{9837b14b-f3d9-457c-ac60-1f3dfd3c6b7c}</UniqueIdentifier>
    </Filter>
    <Filter Include="Resource Files">
      <UniqueIdentifier>{27fb824c-55cb-41b7-a00d-b2bcfaedd09f}</UniqueIdentifier>
    </Filter>
    <Filter Include="Source Files">
      <UniqueIdentifier>{b1af9954-9a4e-4dde-ad02-a87d3fe0ee8d}</UniqueIdentifier>
    </Filter>
    <Filter Include="gflw_raw">
      <UniqueIdentifier>{9a7e2eb4-dc18-47e9-9bda-70cfa44a5756}</UniqueIdentifier>
    </Filter>
    <Filter Include="gflw_raw\Header Files">
      <UniqueIdentifier>{154d7f5d-1a5e-4c91-af82-0c3eedc392c6}</UniqueIdentifier>
    </Filter>
    <Filter Include="gflw_raw\Source Files">
      <UniqueIdentifier>{02a305df-44f2-4ecf-8c0d-8b5f5aaaefc3}</UniqueIdentifier>
    </Filter>
  </ItemGroup>
  <ItemGroup>
    <ClInclude Include="OpenGL.h">
      <Filter>Header Files</Filter>
    </ClInclude>
    <ClInclude Include="gl_raw_defines.h">
      <Filter>Header Files</Filter>
    </ClInclude>
    <ClInclude Include="gl_raw_prototypes.h">
      <Filter>Header Files</Filter>
    </ClInclude>
    <ClInclude Include="glfw_raw\gflw_raw_Cursor.h">
      <Filter>gflw_raw\Header Files</Filter>
    </ClInclude>
    <ClInclude Include="glfw_raw\glfw_raw_Common.h">
      <Filter>gflw_raw\Header Files</Filter>
    </ClInclude>
    <ClInclude Include="glfw_raw\glfw_raw_Error.h">
      <Filter>gflw_raw\Header Files</Filter>
    </ClInclude>
    <ClInclude Include="glfw_raw\glfw_raw_Joystick.h">
      <Filter>gflw_raw\Header Files</Filter>
    </ClInclude>
    <ClInclude Include="glfw_raw\glfw_raw_Key.h">
      <Filter>gflw_raw\Header Files</Filter>
    </ClInclude>
    <ClInclude Include="glfw_raw\glfw_raw_Monitor.h">
      <Filter>gflw_raw\Header Files</Filter>
    </ClInclude>
    <ClInclude Include="glfw_raw\glfw_raw_Mouse.h">
      <Filter>gflw_raw\Header Files</Filter>
    </ClInclude>
    <ClInclude Include="glfw_raw\glfw_raw_System.h">
      <Filter>gflw_raw\Header Files</Filter>
    </ClInclude>
    <ClInclude Include="glfw_raw\glfw_raw_Window.h">
      <Filter>gflw_raw\Header Files</Filter>
    </ClInclude>
  </ItemGroup>
  <ItemGroup>
    <ClCompile Include="OpenGL.cpp">
      <Filter>Source Files</Filter>
    </ClCompile>
    <ClCompile Include="glfw_raw\gflw_raw_Cursor.cpp">
      <Filter>gflw_raw\Source Files</Filter>
    </ClCompile>
    <ClCompile Include="glfw_raw\glfw_raw_Error.cpp">
      <Filter>gflw_raw\Source Files</Filter>
    </ClCompile>
    <ClCompile Include="glfw_raw\glfw_raw_Joystick.cpp">
      <Filter>gflw_raw\Source Files</Filter>
    </ClCompile>
    <ClCompile Include="glfw_raw\glfw_raw_Key.cpp">
      <Filter>gflw_raw\Source Files</Filter>
    </ClCompile>
    <ClCompile Include="glfw_raw\glfw_raw_Monitor.cpp">
      <Filter>gflw_raw\Source Files</Filter>
    </ClCompile>
    <ClCompile Include="glfw_raw\glfw_raw_Mouse.cpp">
      <Filter>gflw_raw\Source Files</Filter>
    </ClCompile>
    <ClCompile Include="glfw_raw\glfw_raw_System.cpp">
      <Filter>gflw_raw\Source Files</Filter>
    </ClCompile>
    <ClCompile Include="glfw_raw\glfw_raw_Window.cpp">
      <Filter>gflw_raw\Source Files</Filter>
    </ClCompile>
  </ItemGroup>
  <ItemGroup>
    <Text Include="glfw_raw\glfw_raw_defines.txt">
      <Filter>gflw_raw</Filter>
    </Text>
  </ItemGroup>
</Project>