<?xml version="1.0" encoding="utf-8"?>
<Project ToolsVersion="4.0" xmlns="http://schemas.microsoft.com/developer/msbuild/2003">
  <ItemGroup>
    <Filter Include="Source Files">
      <UniqueIdentifier>{4FC737F1-C7A5-4376-A066-2A32D752A2FF}</UniqueIdentifier>
      <Extensions>cpp;c;cc;cxx;def;odl;idl;hpj;bat;asm;asmx</Extensions>
    </Filter>
    <Filter Include="Header Files">
      <UniqueIdentifier>{93995380-89BD-4b04-88EB-625FBE52EBFB}</UniqueIdentifier>
      <Extensions>h;hh;hpp;hxx;hm;inl;inc;ipp;xsd</Extensions>
    </Filter>
    <Filter Include="Resource Files">
      <UniqueIdentifier>{67DA6AB6-F800-4c08-8B7A-83BB121AAD01}</UniqueIdentifier>
      <Extensions>rc;ico;cur;bmp;dlg;rc2;rct;bin;rgs;gif;jpg;jpeg;jpe;resx;tiff;tif;png;wav;mfcribbon-ms</Extensions>
    </Filter>
  </ItemGroup>
  <ItemGroup>
    <ClInclude Include="engine_System.h">
      <Filter>Header Files</Filter>
    </ClInclude>
    <ClInclude Include="engine_Monitor.h">
      <Filter>Header Files</Filter>
    </ClInclude>
    <ClInclude Include="engine_Window.h">
      <Filter>Header Files</Filter>
    </ClInclude>
    <ClInclude Include="engine_Joystick.h">
      <Filter>Header Files</Filter>
    </ClInclude>
    <ClInclude Include="engine_Keyboard.h">
      <Filter>Header Files</Filter>
    </ClInclude>
    <ClInclude Include="engine_Mouse.h">
      <Filter>Header Files</Filter>
    </ClInclude>
    <ClInclude Include="engine_Error.h">
      <Filter>Header Files</Filter>
    </ClInclude>
    <ClInclude Include="engine_graphics.h">
      <Filter>Header Files</Filter>
    </ClInclude>
    <ClInclude Include="engine_graphics_Shader.h">
      <Filter>Header Files</Filter>
    </ClInclude>
    <ClInclude Include="engine_graphics_Texture.h">
      <Filter>Header Files</Filter>
    </ClInclude>
    <ClInclude Include="engine_graphics_Buffer.h">
      <Filter>Header Files</Filter>
    </ClInclude>
    <ClInclude Include="engine_graphics_FrameBuffer.h">
      <Filter>Header Files</Filter>
    </ClInclude>
    <ClInclude Include="engine_graphics_Vertices.h">
      <Filter>Header Files</Filter>
    </ClInclude>
    <ClInclude Include="engine_graphics_VertextArrays.h">
      <Filter>Header Files</Filter>
    </ClInclude>
    <ClInclude Include="engine_graphics_VertextAttributes.h">
      <Filter>Header Files</Filter>
    </ClInclude>
    <ClInclude Include="engine_graphics_VertextPostProcessing.h">
      <Filter>Header Files</Filter>
    </ClInclude>
    <ClInclude Include="engine_graphics_Rasterization.h">
      <Filter>Header Files</Filter>
    </ClInclude>
    <ClInclude Include="engine_graphics_Hints.h">
      <Filter>Header Files</Filter>
    </ClInclude>
    <ClInclude Include="engine_graphics_PerFragmentOperations.h">
      <Filter>Header Files</Filter>
    </ClInclude>
    <ClInclude Include="engine_graphics_Timers.h">
      <Filter>Header Files</Filter>
    </ClInclude>
    <ClInclude Include="engine_graphics_Synchronization.h">
      <Filter>Header Files</Filter>
    </ClInclude>
    <ClInclude Include="engine_graphics_AsynchronousQueries.h">
      <Filter>Header Files</Filter>
    </ClInclude>
    <ClInclude Include="engine_graphics_BoundBuffer.h">
      <Filter>Header Files</Filter>
    </ClInclude>
    <ClInclude Include="engine_graphics_FragmentShader.h">
      <Filter>Header Files</Filter>
    </ClInclude>
    <ClInclude Include="engine_graphics_ComputeShader.h">
      <Filter>Header Files</Filter>
    </ClInclude>
    <ClInclude Include="engine_graphics_WholeFramebuffer.h">
      <Filter>Header Files</Filter>
    </ClInclude>
    <ClInclude Include="engine_graphics_Debug.h">
      <Filter>Header Files</Filter>
    </ClInclude>
    <ClInclude Include="engine_graphics_Pixels.h">
      <Filter>Header Files</Filter>
    </ClInclude>
    <ClInclude Include="engine_graphics_State.h">
      <Filter>Header Files</Filter>
    </ClInclude>
    <ClInclude Include="engine_Types.h">
      <Filter>Header Files</Filter>
    </ClInclude>
    <ClInclude Include="engine_graphics_Program.h">
      <Filter>Header Files</Filter>
    </ClInclude>
    <ClInclude Include="engine_iSystem.h">
      <Filter>Header Files</Filter>
    </ClInclude>
  </ItemGroup>
  <ItemGroup>
    <ClCompile Include="engine_System.cpp">
      <Filter>Source Files</Filter>
    </ClCompile>
    <ClCompile Include="engine_Monitor.cpp">
      <Filter>Source Files</Filter>
    </ClCompile>
    <ClCompile Include="engine_Window.cpp">
      <Filter>Source Files</Filter>
    </ClCompile>
    <ClCompile Include="engine_Joystick.cpp">
      <Filter>Source Files</Filter>
    </ClCompile>
    <ClCompile Include="engine_Keyboard.cpp">
      <Filter>Source Files</Filter>
    </ClCompile>
    <ClCompile Include="engine_Mouse.cpp">
      <Filter>Source Files</Filter>
    </ClCompile>
    <ClCompile Include="engine_Error.cpp">
      <Filter>Source Files</Filter>
    </ClCompile>
    <ClCompile Include="engine_graphics.cpp">
      <Filter>Source Files</Filter>
    </ClCompile>
    <ClCompile Include="engine_graphics_Program.cpp">
      <Filter>Source Files</Filter>
    </ClCompile>
    <ClCompile Include="engine_graphics_Shader.cpp">
      <Filter>Source Files</Filter>
    </ClCompile>
    <ClCompile Include="engine_graphics_Texture.cpp">
      <Filter>Source Files</Filter>
    </ClCompile>
    <ClCompile Include="engine_graphics_Buffer.cpp">
      <Filter>Source Files</Filter>
    </ClCompile>
    <ClCompile Include="engine_graphics_FrameBuffer.cpp">
      <Filter>Source Files</Filter>
    </ClCompile>
    <ClCompile Include="engine_graphics_Vertices.cpp">
      <Filter>Source Files</Filter>
    </ClCompile>
    <ClCompile Include="engine_graphics_VertextArrays.cpp">
      <Filter>Source Files</Filter>
    </ClCompile>
    <ClCompile Include="engine_graphics_VertextAttributes.cpp">
      <Filter>Source Files</Filter>
    </ClCompile>
    <ClCompile Include="engine_graphics_VertextPostProcessing.cpp">
      <Filter>Source Files</Filter>
    </ClCompile>
    <ClCompile Include="engine_graphics_Rasterization.cpp">
      <Filter>Source Files</Filter>
    </ClCompile>
    <ClCompile Include="engine_graphics_Hints.cpp">
      <Filter>Source Files</Filter>
    </ClCompile>
    <ClCompile Include="engine_graphics_PerFragmentOperations.cpp">
      <Filter>Source Files</Filter>
    </ClCompile>
    <ClCompile Include="engine_graphics_Timers.cpp">
      <Filter>Source Files</Filter>
    </ClCompile>
    <ClCompile Include="engine_graphics_Synchronization.cpp">
      <Filter>Source Files</Filter>
    </ClCompile>
    <ClCompile Include="engine_graphics_AsynchronousQueries.cpp">
      <Filter>Source Files</Filter>
    </ClCompile>
    <ClCompile Include="engine_graphics_BoundBuffer.cpp">
      <Filter>Source Files</Filter>
    </ClCompile>
    <ClCompile Include="engine_graphics_FragmentShader.cpp">
      <Filter>Source Files</Filter>
    </ClCompile>
    <ClCompile Include="engine_graphics_ComputeShader.cpp">
      <Filter>Source Files</Filter>
    </ClCompile>
    <ClCompile Include="engine_graphics_WholeFramebuffer.cpp">
      <Filter>Source Files</Filter>
    </ClCompile>
    <ClCompile Include="engine_graphics_Debug.cpp">
      <Filter>Source Files</Filter>
    </ClCompile>
    <ClCompile Include="engine_graphics_Pixels.cpp">
      <Filter>Source Files</Filter>
    </ClCompile>
    <ClCompile Include="engine_graphics_State.cpp">
      <Filter>Source Files</Filter>
    </ClCompile>
    <ClCompile Include="engine_Types.cpp">
      <Filter>Source Files</Filter>
    </ClCompile>
    <ClCompile Include="engine_iSystem.cpp">
      <Filter>Source Files</Filter>
    </ClCompile>
  </ItemGroup>
</Project>