<?xml version="1.0" encoding="utf-8"?>
<Project ToolsVersion="4.0" xmlns="http://schemas.microsoft.com/developer/msbuild/2003">
  <ItemGroup>
    <ClCompile Include="cPhysics_Project_01_Init.cpp" />
    <ClCompile Include="cPhysics_Project_01_Tilter.cpp" />
    <ClCompile Include="Physics_Project_01_ObjectCreator.cpp" />
    <ClCompile Include="Physics_Project_01_Callback.cpp" />
  </ItemGroup>
  <ItemGroup>
    <ClInclude Include="cPhysics_Project_01_Init.h" />
    <ClInclude Include="cPhysics_Project_01_Tilter.h" />
    <ClInclude Include="Physics_Project_01_ObjectCreator.h" />
    <ClInclude Include="Physics_Project_01_Callback.h" />
  </ItemGroup>
  <ItemGroup>
    <Xml Include="..\..\assets\Physics_Project_01%28output%29.xml" />
    <Xml Include="..\..\assets\Physics_Project_01.xml" />
  </ItemGroup>
  <ItemGroup>
    <Filter Include="assets">
      <UniqueIdentifier>{57c46121-d878-40fd-9c70-89406d73ed4f}</UniqueIdentifier>
    </Filter>
    <Filter Include="assets\models">
      <UniqueIdentifier>{2c1dca71-12f1-4b09-9859-c2670c1c46b2}</UniqueIdentifier>
    </Filter>
  </ItemGroup>
  <ItemGroup>
    <None Include="..\..\assets\models\Physics_Project_01\BigFlatTerrain_XYZ_n.ply">
      <Filter>assets\models</Filter>
    </None>
    <None Include="..\..\assets\models\Physics_Project_01\Cube_1_Unit_from_origin_XYZ_n.ply">
      <Filter>assets\models</Filter>
    </None>
    <None Include="..\..\assets\models\Physics_Project_01\cube_Hi_Res_xyz_n.ply">
      <Filter>assets\models</Filter>
    </None>
    <None Include="..\..\assets\models\Physics_Project_01\cube_Low_Res_xyz_n.ply">
      <Filter>assets\models</Filter>
    </None>
    <None Include="..\..\assets\models\Physics_Project_01\pyramid.ply">
      <Filter>assets\models</Filter>
    </None>
    <None Include="..\..\assets\models\Physics_Project_01\pyramid_3.ply">
      <Filter>assets\models</Filter>
    </None>
    <None Include="..\..\assets\models\Physics_Project_01\pyramid_a.ply">
      <Filter>assets\models</Filter>
    </None>
    <None Include="..\..\assets\models\Physics_Project_01\pyramid_b.ply">
      <Filter>assets\models</Filter>
    </None>
    <None Include="..\..\assets\models\Physics_Project_01\Sphere_Radius_1_XYZ_n.ply">
      <Filter>assets\models</Filter>
    </None>
    <None Include="..\..\assets\models\Physics_Project_01\surface_output_01.ply">
      <Filter>assets\models</Filter>
    </None>
  </ItemGroup>
</Project>