<?xml version="1.0" encoding="utf-8"?>
<Project ToolsVersion="4.0" xmlns="http://schemas.microsoft.com/developer/msbuild/2003">
  <ItemGroup>
    <ClCompile Include="cPhysicsTilter.cpp" />
    <ClCompile Include="ObjectCreator.cpp" />
    <ClCompile Include="Physics_Callback.cpp" />
    <ClCompile Include="test_Physics.cpp" />
  </ItemGroup>
  <ItemGroup>
    <ClInclude Include="cPhysicsTilter.h" />
    <ClInclude Include="ObjectCreator.h" />
    <ClInclude Include="Physics_Callback.h" />
    <ClInclude Include="test_Physics.h" />
  </ItemGroup>
</Project>