<?xml version="1.0" encoding="utf-8"?>
<Project ToolsVersion="4.0" xmlns="http://schemas.microsoft.com/developer/msbuild/2003">
  <ItemGroup>
    <ClCompile Include="cObjectManager.cpp" />
    <ClCompile Include="cObjectManager_impl.cpp" />
    <ClCompile Include="iObjectManager.cpp" />
    <ClCompile Include="cGameObject.cpp">
      <Filter>Reference</Filter>
    </ClCompile>
    <ClCompile Include="cObjectManager_Alias.cpp" />
    <ClCompile Include="cObjectManager_World.cpp" />
    <ClCompile Include="cObjectManager_Physics.cpp" />
    <ClCompile Include="cObjectManager_Audio.cpp" />
    <ClCompile Include="cObjectManager_Font.cpp" />
    <ClCompile Include="cObjectManager_Group.cpp" />
    <ClCompile Include="cObjectManager_Image.cpp" />
    <ClCompile Include="cObjectManager_Model.cpp" />
    <ClCompile Include="cObjectManager_Video.cpp" />
    <ClCompile Include="cObjectManager_Light.cpp" />
  </ItemGroup>
  <ItemGroup>
    <ClInclude Include="cObjectManager.h" />
    <ClInclude Include="cObjectManager_impl.h" />
    <ClInclude Include="iObjectManager.h" />
    <ClInclude Include="cGameObject.h">
      <Filter>Reference</Filter>
    </ClInclude>
    <ClInclude Include="cObjectManager_Alias.h" />
    <ClInclude Include="cObjectManager_World.h" />
    <ClInclude Include="cObjectManager_Physics.h" />
    <ClInclude Include="cObjectManager_Audio.h" />
    <ClInclude Include="cObjectManager_Font.h" />
    <ClInclude Include="cObjectManager_Group.h" />
    <ClInclude Include="cObjectManager_Image.h" />
    <ClInclude Include="cObjectManager_Model.h" />
    <ClInclude Include="cObjectManager_Video.h" />
    <ClInclude Include="cObjectManager_Light.h" />
  </ItemGroup>
  <ItemGroup>
    <Filter Include="Reference">
      <UniqueIdentifier>{574e3283-2a6f-4810-be0f-8e8f04e5b464}</UniqueIdentifier>
    </Filter>
  </ItemGroup>
</Project>