<?xml version="1.0" encoding="utf-8"?>
<Project ToolsVersion="4.0" xmlns="http://schemas.microsoft.com/developer/msbuild/2003">
  <ItemGroup>
    <ClCompile Include="cGraphics_Project_01_Init.cpp" />
    <ClCompile Include="cGraphics_Project_01_ToObject.cpp" />
    <ClCompile Include="Graphics_Project_01_Callback.cpp" />
  </ItemGroup>
  <ItemGroup>
    <ClInclude Include="cGraphics_Project_01_Init.h" />
    <ClInclude Include="cGraphics_Project_01_ToObject.h" />
    <ClInclude Include="Graphics_Project_01_Callback.h" />
  </ItemGroup>
  <ItemGroup>
    <Filter Include="assets">
      <UniqueIdentifier>{2de66438-6414-48a9-a080-619a5a7a1867}</UniqueIdentifier>
    </Filter>
    <Filter Include="assets\models">
      <UniqueIdentifier>{f0342b3c-9590-4e94-837a-ae9e2938b560}</UniqueIdentifier>
    </Filter>
  </ItemGroup>
  <ItemGroup>
    <Xml Include="..\..\assets\Graphics_Project_01%28output%29.xml" />
    <Xml Include="..\..\assets\Graphics_Project_01.xml" />
  </ItemGroup>
  <ItemGroup>
    <None Include="..\..\assets\models\Graphics_Project_01\barrel.ply">
      <Filter>assets\models</Filter>
    </None>
    <None Include="..\..\assets\models\Graphics_Project_01\Bomb.ply">
      <Filter>assets\models</Filter>
    </None>
    <None Include="..\..\assets\models\Graphics_Project_01\canoe.ply">
      <Filter>assets\models</Filter>
    </None>
    <None Include="..\..\assets\models\Graphics_Project_01\Chest.ply">
      <Filter>assets\models</Filter>
    </None>
    <None Include="..\..\assets\models\Graphics_Project_01\coin_map.ply">
      <Filter>assets\models</Filter>
    </None>
    <None Include="..\..\assets\models\Graphics_Project_01\compass.ply">
      <Filter>assets\models</Filter>
    </None>
    <None Include="..\..\assets\models\Graphics_Project_01\Crate.ply">
      <Filter>assets\models</Filter>
    </None>
    <None Include="..\..\assets\models\Graphics_Project_01\Crate2.ply">
      <Filter>assets\models</Filter>
    </None>
    <None Include="..\..\assets\models\Graphics_Project_01\cube_Low_Res_xyz_n.ply">
      <Filter>assets\models</Filter>
    </None>
    <None Include="..\..\assets\models\Graphics_Project_01\lantern_obj.ply">
      <Filter>assets\models</Filter>
    </None>
    <None Include="..\..\assets\models\Graphics_Project_01\parrot.ply">
      <Filter>assets\models</Filter>
    </None>
    <None Include="..\..\assets\models\Graphics_Project_01\Pirate_sword_low_poly.ply">
      <Filter>assets\models</Filter>
    </None>
    <None Include="..\..\assets\models\Graphics_Project_01\ship.ply">
      <Filter>assets\models</Filter>
    </None>
    <None Include="..\..\assets\models\Graphics_Project_01\SimpleRedShip.ply">
      <Filter>assets\models</Filter>
    </None>
    <None Include="..\..\assets\models\Graphics_Project_01\Sky_Pirate_Combined_xyz_n.ply">
      <Filter>assets\models</Filter>
    </None>
    <None Include="..\..\assets\models\Graphics_Project_01\Sphere_Radius_1_XYZ_n.ply">
      <Filter>assets\models</Filter>
    </None>
    <None Include="..\..\assets\models\Graphics_Project_01\Terrain_XYZ_n.ply">
      <Filter>assets\models</Filter>
    </None>
    <None Include="..\..\assets\models\Graphics_Project_01\torch.ply">
      <Filter>assets\models</Filter>
    </None>
    <None Include="..\..\assets\models\Graphics_Project_01\treasure_chest_assembled.ply">
      <Filter>assets\models</Filter>
    </None>
    <None Include="..\..\assets\models\Graphics_Project_01\tresure_chest_closed_lowpoly.ply">
      <Filter>assets\models</Filter>
    </None>
  </ItemGroup>
</Project>