<?xml version="1.0" encoding="utf-8"?>
<Project ToolsVersion="4.0" xmlns="http://schemas.microsoft.com/developer/msbuild/2003">
  <ItemGroup>
    <Filter Include="Reference">
      <UniqueIdentifier>{b224d38f-36b8-4c50-b189-93347bfedd56}</UniqueIdentifier>
    </Filter>
  </ItemGroup>
  <ItemGroup>
    <ClCompile Include="cPhysics.cpp">
      <Filter>Reference</Filter>
    </ClCompile>
    <ClCompile Include="cPhysics_Ericson.cpp">
      <Filter>Reference</Filter>
    </ClCompile>
    <ClCompile Include="PhysicsStuff.cpp">
      <Filter>Reference</Filter>
    </ClCompile>
    <ClCompile Include="cPhysics_Henry.cpp" />
    <ClCompile Include="cPhysics_Henky.cpp" />
  </ItemGroup>
  <ItemGroup>
    <ClInclude Include="cPhysics.h">
      <Filter>Reference</Filter>
    </ClInclude>
    <ClInclude Include="PhysicsStuff.h">
      <Filter>Reference</Filter>
    </ClInclude>
    <ClInclude Include="cPhysics_Henky.h" />
  </ItemGroup>
</Project>