<?xml version="1.0" encoding="utf-8"?>
<Project ToolsVersion="4.0" xmlns="http://schemas.microsoft.com/developer/msbuild/2003">
  <ItemGroup>
    <Text Include="defines.txt">
      <Filter>assets</Filter>
    </Text>
    <Text Include="input.txt">
      <Filter>assets</Filter>
    </Text>
    <Text Include="prototypes.txt">
      <Filter>assets</Filter>
    </Text>
  </ItemGroup>
  <ItemGroup>
    <Filter Include="assets">
      <UniqueIdentifier>{57cfb08a-54bd-41c9-aae3-fbdbd2f223dd}</UniqueIdentifier>
    </Filter>
    <Filter Include="Header Files">
      <UniqueIdentifier>{1fadc081-ab53-49f6-bb9c-85839558910b}</UniqueIdentifier>
    </Filter>
    <Filter Include="Source Files">
      <UniqueIdentifier>{b50e5402-2030-44a8-929f-43adc354c6cc}</UniqueIdentifier>
    </Filter>
  </ItemGroup>
  <ItemGroup>
    <ClInclude Include="CreateGLFWHeaders.h">
      <Filter>Header Files</Filter>
    </ClInclude>
  </ItemGroup>
  <ItemGroup>
    <ClCompile Include="CreateGLFWHeaders.cpp">
      <Filter>Source Files</Filter>
    </ClCompile>
  </ItemGroup>
</Project>