<?xml version="1.0" encoding="utf-8"?>
<Project ToolsVersion="4.0" xmlns="http://schemas.microsoft.com/developer/msbuild/2003">
  <ItemGroup>
    <Filter Include="Assets">
      <UniqueIdentifier>{9a1f41d3-41e3-4179-b3e4-92afdea00040}</UniqueIdentifier>
    </Filter>
    <Filter Include="Assets\models">
      <UniqueIdentifier>{e1c3e6cd-7989-4f19-b800-244dd1d66d77}</UniqueIdentifier>
    </Filter>
    <Filter Include="Assets\shaders">
      <UniqueIdentifier>{ed592962-3f94-4b87-a466-6e6a4dfd0435}</UniqueIdentifier>
    </Filter>
    <Filter Include="Assets\models\_Others">
      <UniqueIdentifier>{9467072c-4e03-4996-bd8f-d23728b0ff2a}</UniqueIdentifier>
    </Filter>
    <Filter Include="_Others">
      <UniqueIdentifier>{0bdbf691-5c1a-44d6-80bc-f158e152d7a0}</UniqueIdentifier>
    </Filter>
    <Filter Include="Assets\models\_Others\Graphics">
      <UniqueIdentifier>{7f67e0f2-b4de-48e7-97a6-83e6ed4931f5}</UniqueIdentifier>
    </Filter>
    <Filter Include="Assets\models\_Others\Physics">
      <UniqueIdentifier>{f7276281-e5ef-4981-8db1-ac5ae78ad194}</UniqueIdentifier>
    </Filter>
    <Filter Include="Assets\models\_Others\Physics_MidTerm_2019">
      <UniqueIdentifier>{afcde017-6284-4c7f-bb69-815c09d50183}</UniqueIdentifier>
    </Filter>
    <Filter Include="Assets\models\Patterns_MidTerm_2019">
      <UniqueIdentifier>{d398eaf2-8239-40af-8a08-2f0e9a5d0958}</UniqueIdentifier>
    </Filter>
    <Filter Include="Assets\models\_Others\Graphics_MidTerm_2019">
      <UniqueIdentifier>{7bb3bbbc-efd4-43d2-a703-638464a81b60}</UniqueIdentifier>
    </Filter>
  </ItemGroup>
  <ItemGroup>
    <ClCompile Include="Master.cpp" />
    <ClCompile Include="Common\LoadGLFW.cpp" />
  </ItemGroup>
  <ItemGroup>
    <ClInclude Include="Master.h" />
    <ClInclude Include="Common\LoadGLFW.h" />
  </ItemGroup>
  <ItemGroup>
    <None Include="..\assets\shaders\vertexShader01.glsl">
      <Filter>Assets\shaders</Filter>
    </None>
    <None Include="..\assets\shaders\fragmentShader01.glsl">
      <Filter>Assets\shaders</Filter>
    </None>
    <None Include="..\assets\models\Graphics\barrel.ply">
      <Filter>Assets\models\_Others\Graphics</Filter>
    </None>
    <None Include="..\assets\models\Graphics\Bomb.ply">
      <Filter>Assets\models\_Others\Graphics</Filter>
    </None>
    <None Include="..\assets\models\Graphics\canoe.ply">
      <Filter>Assets\models\_Others\Graphics</Filter>
    </None>
    <None Include="..\assets\models\Graphics\coin_map.ply">
      <Filter>Assets\models\_Others\Graphics</Filter>
    </None>
    <None Include="..\assets\models\Graphics\compass.ply">
      <Filter>Assets\models\_Others\Graphics</Filter>
    </None>
    <None Include="..\assets\models\Graphics\De_Zeven_Provincien_large.ply">
      <Filter>Assets\models\_Others\Graphics</Filter>
    </None>
    <None Include="..\assets\models\Graphics\foo.tmp">
      <Filter>Assets\models\_Others\Graphics</Filter>
    </None>
    <None Include="..\assets\models\Graphics\Kerosene_lamp_large.ply">
      <Filter>Assets\models\_Others\Graphics</Filter>
    </None>
    <None Include="..\assets\models\Graphics\lantern_obj.ply">
      <Filter>Assets\models\_Others\Graphics</Filter>
    </None>
    <None Include="..\assets\models\Graphics\parrot.ply">
      <Filter>Assets\models\_Others\Graphics</Filter>
    </None>
    <None Include="..\assets\models\Graphics\Pirate_sword_low_poly.ply">
      <Filter>Assets\models\_Others\Graphics</Filter>
    </None>
    <None Include="..\assets\models\Graphics\ship.ply">
      <Filter>Assets\models\_Others\Graphics</Filter>
    </None>
    <None Include="..\assets\models\Graphics\SimpleRedShip.ply">
      <Filter>Assets\models\_Others\Graphics</Filter>
    </None>
    <None Include="..\assets\models\Graphics\treasure_chest_assembled.ply">
      <Filter>Assets\models\_Others\Graphics</Filter>
    </None>
    <None Include="..\assets\models\Graphics\tresure_chest_closed_lowpoly.ply">
      <Filter>Assets\models\_Others\Graphics</Filter>
    </None>
    <None Include="..\assets\models\Physics\12953_ChocolateRabbit_v1.ply">
      <Filter>Assets\models\_Others\Physics</Filter>
    </None>
    <None Include="..\assets\models\Physics\BigFlatTerrain_XYZ_n.ply">
      <Filter>Assets\models\_Others\Physics</Filter>
    </None>
    <None Include="..\assets\models\Physics\Cube_1_Unit_from_origin_XYZ_n.ply">
      <Filter>Assets\models\_Others\Physics</Filter>
    </None>
    <None Include="..\assets\models\Physics\cube_Hi_Res_xyz_n.ply">
      <Filter>Assets\models\_Others\Physics</Filter>
    </None>
    <None Include="..\assets\models\Physics\cube_Low_Res_xyz_n - Copy.ply">
      <Filter>Assets\models\_Others\Physics</Filter>
    </None>
    <None Include="..\assets\models\Physics\cube_Low_Res_xyz_n.ply">
      <Filter>Assets\models\_Others\Physics</Filter>
    </None>
    <None Include="..\assets\models\Physics\Large_Physics_Bunny_XYZ_n.ply">
      <Filter>Assets\models\_Others\Physics</Filter>
    </None>
    <None Include="..\assets\models\Physics\pyramid.ply">
      <Filter>Assets\models\_Others\Physics</Filter>
    </None>
    <None Include="..\assets\models\Physics\pyramid_3.ply">
      <Filter>Assets\models\_Others\Physics</Filter>
    </None>
    <None Include="..\assets\models\Physics\Sphere_Radius_1_XYZ_n.ply">
      <Filter>Assets\models\_Others\Physics</Filter>
    </None>
    <None Include="..\assets\models\Graphics\Chest.ply">
      <Filter>Assets\models\_Others\Graphics</Filter>
    </None>
    <None Include="..\assets\models\Graphics\Crate.ply">
      <Filter>Assets\models\_Others\Graphics</Filter>
    </None>
    <None Include="..\assets\models\Graphics\Crate2.ply">
      <Filter>Assets\models\_Others\Graphics</Filter>
    </None>
    <None Include="..\assets\models\Graphics\cube_Low_Res_xyz_n.ply">
      <Filter>Assets\models\_Others\Graphics</Filter>
    </None>
    <None Include="..\assets\models\Graphics\Sky_Pirate_Combined_xyz_n.ply">
      <Filter>Assets\models\_Others\Graphics</Filter>
    </None>
    <None Include="..\assets\models\Graphics\Sphere_Radius_1_XYZ_n.ply">
      <Filter>Assets\models\_Others\Graphics</Filter>
    </None>
    <None Include="..\assets\models\Graphics\Terrain_XYZ_n.ply">
      <Filter>Assets\models\_Others\Graphics</Filter>
    </None>
    <None Include="..\assets\models\Graphics\torch.ply">
      <Filter>Assets\models\_Others\Graphics</Filter>
    </None>
    <None Include="..\assets\models\Physics_MidTerm_2019\Asteroid_011_xyz_n.ply">
      <Filter>Assets\models\_Others\Physics_MidTerm_2019</Filter>
    </None>
    <None Include="..\assets\models\Physics_MidTerm_2019\Asteroid_014_xyz_n.ply">
      <Filter>Assets\models\_Others\Physics_MidTerm_2019</Filter>
    </None>
    <None Include="..\assets\models\Physics_MidTerm_2019\Asteroid_015_xyz_n.ply">
      <Filter>Assets\models\_Others\Physics_MidTerm_2019</Filter>
    </None>
    <None Include="..\assets\models\Physics_MidTerm_2019\Parts_Exposed_to_Asteroids_xyz_n.ply">
      <Filter>Assets\models\_Others\Physics_MidTerm_2019</Filter>
    </None>
    <None Include="..\assets\models\Physics_MidTerm_2019\Parts_Safe_from_Asteroids_xyz_n.ply">
      <Filter>Assets\models\_Others\Physics_MidTerm_2019</Filter>
    </None>
    <None Include="..\assets\models\Physics_MidTerm_2019\Sphere_Radius_1_XYZ_n.ply">
      <Filter>Assets\models\_Others\Physics_MidTerm_2019</Filter>
    </None>
    <None Include="..\assets\models\Graphics_MidTerm_2019\foo.tmp">
      <Filter>Assets\models\_Others\Graphics_MidTerm_2019</Filter>
    </None>
    <None Include="..\assets\models\Graphics_MidTerm_2019\SM_Env_Background_Hills_01_xyz_n.ply">
      <Filter>Assets\models\_Others\Graphics_MidTerm_2019</Filter>
    </None>
    <None Include="..\assets\models\Graphics_MidTerm_2019\SM_Env_Rock_01_xyz_n.ply">
      <Filter>Assets\models\_Others\Graphics_MidTerm_2019</Filter>
    </None>
    <None Include="..\assets\models\Graphics_MidTerm_2019\SM_Env_Rock_02_xyz_n.ply">
      <Filter>Assets\models\_Others\Graphics_MidTerm_2019</Filter>
    </None>
    <None Include="..\assets\models\Graphics_MidTerm_2019\SM_Env_Rock_03_xyz_n.ply">
      <Filter>Assets\models\_Others\Graphics_MidTerm_2019</Filter>
    </None>
    <None Include="..\assets\models\Graphics_MidTerm_2019\SM_Env_Rock_Arch_01_xyz_n.ply">
      <Filter>Assets\models\_Others\Graphics_MidTerm_2019</Filter>
    </None>
    <None Include="..\assets\models\Graphics_MidTerm_2019\SM_Env_Rock_Huge_01_xyz_n.ply">
      <Filter>Assets\models\_Others\Graphics_MidTerm_2019</Filter>
    </None>
    <None Include="..\assets\models\Graphics_MidTerm_2019\SM_Env_Rock_Huge_02_xyz_n.ply">
      <Filter>Assets\models\_Others\Graphics_MidTerm_2019</Filter>
    </None>
    <None Include="..\assets\models\Graphics_MidTerm_2019\SM_Env_Rock_Huge_03_xyz_n.ply">
      <Filter>Assets\models\_Others\Graphics_MidTerm_2019</Filter>
    </None>
    <None Include="..\assets\models\Graphics_MidTerm_2019\SM_Env_Rock_Huge_04_xyz_n.ply">
      <Filter>Assets\models\_Others\Graphics_MidTerm_2019</Filter>
    </None>
    <None Include="..\assets\models\Graphics_MidTerm_2019\SM_Env_Rock_Large_01_xyz_n.ply">
      <Filter>Assets\models\_Others\Graphics_MidTerm_2019</Filter>
    </None>
    <None Include="..\assets\models\Graphics_MidTerm_2019\SM_Env_Rock_Large_02_xyz_n.ply">
      <Filter>Assets\models\_Others\Graphics_MidTerm_2019</Filter>
    </None>
    <None Include="..\assets\models\Graphics_MidTerm_2019\SM_Env_Rock_Large_03_xyz_n.ply">
      <Filter>Assets\models\_Others\Graphics_MidTerm_2019</Filter>
    </None>
    <None Include="..\assets\models\Graphics_MidTerm_2019\SM_Env_Rock_Large_04_xyz_n.ply">
      <Filter>Assets\models\_Others\Graphics_MidTerm_2019</Filter>
    </None>
    <None Include="..\assets\models\Graphics_MidTerm_2019\SM_Env_Rock_Large_05_xyz_n.ply">
      <Filter>Assets\models\_Others\Graphics_MidTerm_2019</Filter>
    </None>
    <None Include="..\assets\models\Graphics_MidTerm_2019\SM_Env_Rock_Large_06_xyz_n.ply">
      <Filter>Assets\models\_Others\Graphics_MidTerm_2019</Filter>
    </None>
    <None Include="..\assets\models\Graphics_MidTerm_2019\SM_Env_Rock_Large_07_xyz_n.ply">
      <Filter>Assets\models\_Others\Graphics_MidTerm_2019</Filter>
    </None>
    <None Include="..\assets\models\Graphics_MidTerm_2019\SM_Env_Rock_Large_08_xyz_n.ply">
      <Filter>Assets\models\_Others\Graphics_MidTerm_2019</Filter>
    </None>
    <None Include="..\assets\models\Graphics_MidTerm_2019\SM_Env_Rock_Large_09_xyz_n.ply">
      <Filter>Assets\models\_Others\Graphics_MidTerm_2019</Filter>
    </None>
    <None Include="..\assets\models\Graphics_MidTerm_2019\SM_Env_Rock_Large_010_xyz_n.ply">
      <Filter>Assets\models\_Others\Graphics_MidTerm_2019</Filter>
    </None>
    <None Include="..\assets\models\Graphics_MidTerm_2019\SM_Env_Rock_Large_011_xyz_n.ply">
      <Filter>Assets\models\_Others\Graphics_MidTerm_2019</Filter>
    </None>
    <None Include="..\assets\models\Graphics_MidTerm_2019\SM_Env_Rock_Skull_01_xyz_n.ply">
      <Filter>Assets\models\_Others\Graphics_MidTerm_2019</Filter>
    </None>
    <None Include="..\assets\models\Graphics_MidTerm_2019\SM_Env_Tree_Base_01_xyz_n.ply">
      <Filter>Assets\models\_Others\Graphics_MidTerm_2019</Filter>
    </None>
    <None Include="..\assets\models\Graphics_MidTerm_2019\SM_Env_Tree_Base_02_xyz_n.ply">
      <Filter>Assets\models\_Others\Graphics_MidTerm_2019</Filter>
    </None>
    <None Include="..\assets\models\Graphics_MidTerm_2019\SM_Env_Tree_Canopy_01_xyz_n.ply">
      <Filter>Assets\models\_Others\Graphics_MidTerm_2019</Filter>
    </None>
    <None Include="..\assets\models\Graphics_MidTerm_2019\SM_Env_Tree_Canopy_02_xyz_n.ply">
      <Filter>Assets\models\_Others\Graphics_MidTerm_2019</Filter>
    </None>
    <None Include="..\assets\models\Graphics_MidTerm_2019\SM_Env_Tree_Canopy_03_xyz_n.ply">
      <Filter>Assets\models\_Others\Graphics_MidTerm_2019</Filter>
    </None>
    <None Include="..\assets\models\Graphics_MidTerm_2019\SM_Env_Tree_Canopy_04_xyz_n.ply">
      <Filter>Assets\models\_Others\Graphics_MidTerm_2019</Filter>
    </None>
    <None Include="..\assets\models\Graphics_MidTerm_2019\surface_output_01.ply">
      <Filter>Assets\models\_Others\Graphics_MidTerm_2019</Filter>
    </None>
    <None Include="..\assets\models\Patterns_MidTerm_2019\bun_zipper_res2_XYZ_n_UV.ply">
      <Filter>Assets\models\Patterns_MidTerm_2019</Filter>
    </None>
    <None Include="..\assets\models\Patterns_MidTerm_2019\cube_Low_Res_xyz_n.ply">
      <Filter>Assets\models\Patterns_MidTerm_2019</Filter>
    </None>
    <None Include="..\assets\models\Patterns_MidTerm_2019\Sphere_Radius_1_XYZ_n.ply">
      <Filter>Assets\models\Patterns_MidTerm_2019</Filter>
    </None>
    <None Include="..\assets\models\Patterns_MidTerm_2019\terrain.ply">
      <Filter>Assets\models\Patterns_MidTerm_2019</Filter>
    </None>
  </ItemGroup>
  <ItemGroup>
    <Text Include="..\assets\keys.txt">
      <Filter>_Others</Filter>
    </Text>
    <Text Include="Readme.txt" />
  </ItemGroup>
</Project>