<?xml version="1.0" encoding="utf-8"?>
<Project ToolsVersion="4.0" xmlns="http://schemas.microsoft.com/developer/msbuild/2003">
  <ItemGroup>
    <Filter Include="Assets">
      <UniqueIdentifier>{9a1f41d3-41e3-4179-b3e4-92afdea00040}</UniqueIdentifier>
    </Filter>
    <Filter Include="Assets\models">
      <UniqueIdentifier>{e1c3e6cd-7989-4f19-b800-244dd1d66d77}</UniqueIdentifier>
    </Filter>
    <Filter Include="Tests">
      <UniqueIdentifier>{367be525-4c8f-4a4d-85fd-2a47cf3c3703}</UniqueIdentifier>
    </Filter>
    <Filter Include="Assets\shaders">
      <UniqueIdentifier>{ed592962-3f94-4b87-a466-6e6a4dfd0435}</UniqueIdentifier>
    </Filter>
  </ItemGroup>
  <ItemGroup>
    <ClCompile Include="test_Audio.cpp">
      <Filter>Tests</Filter>
    </ClCompile>
    <ClCompile Include="test_GDP2019.cpp">
      <Filter>Tests</Filter>
    </ClCompile>
    <ClCompile Include="test_gl.cpp">
      <Filter>Tests</Filter>
    </ClCompile>
    <ClCompile Include="Master.cpp" />
    <ClCompile Include="GFLW_Callbacks.cpp" />
    <ClCompile Include="test_filesystem.cpp">
      <Filter>Tests</Filter>
    </ClCompile>
    <ClCompile Include="test_AudioEngine.cpp">
      <Filter>Tests</Filter>
    </ClCompile>
  </ItemGroup>
  <ItemGroup>
    <ClInclude Include="Master.h" />
    <ClInclude Include="globalStuff.h" />
    <ClInclude Include="test_Audio.h">
      <Filter>Tests</Filter>
    </ClInclude>
    <ClInclude Include="test_GDP2019.h">
      <Filter>Tests</Filter>
    </ClInclude>
    <ClInclude Include="test_gl.h">
      <Filter>Tests</Filter>
    </ClInclude>
    <ClInclude Include="GFLW_Callbacks.h" />
    <ClInclude Include="test_filesystem.h">
      <Filter>Tests</Filter>
    </ClInclude>
    <ClInclude Include="test_AudioEngine.h">
      <Filter>Tests</Filter>
    </ClInclude>
  </ItemGroup>
  <ItemGroup>
    <Xml Include="..\assets\output.xml">
      <Filter>Assets</Filter>
    </Xml>
    <Xml Include="..\assets\GameLibrary xxx.xml">
      <Filter>Assets</Filter>
    </Xml>
    <Xml Include="..\assets\GameLibrary xxxx.xml">
      <Filter>Assets</Filter>
    </Xml>
    <Xml Include="..\assets\GameLibrary.xml">
      <Filter>Assets</Filter>
    </Xml>
  </ItemGroup>
  <ItemGroup>
    <None Include="..\assets\models\BigFlatTerrain_XYZ_n.ply">
      <Filter>Assets\models</Filter>
    </None>
    <None Include="..\assets\models\bun_zipper_res2_XYZ_n.ply">
      <Filter>Assets\models</Filter>
    </None>
    <None Include="..\assets\models\bun_zipper_res3_XYZ_n.ply">
      <Filter>Assets\models</Filter>
    </None>
    <None Include="..\assets\models\bun_zipper_res4_XYZ_N.ply">
      <Filter>Assets\models</Filter>
    </None>
    <None Include="..\assets\models\bun_zipper_XYZ_n.ply">
      <Filter>Assets\models</Filter>
    </None>
    <None Include="..\assets\models\Cube_1_Unit_from_origin_XYZ_n.ply">
      <Filter>Assets\models</Filter>
    </None>
    <None Include="..\assets\models\Sky_Pirate_Combined_xyz_n.ply">
      <Filter>Assets\models</Filter>
    </None>
    <None Include="..\assets\models\Sphere_Radius_1_XYZ_n.ply">
      <Filter>Assets\models</Filter>
    </None>
    <None Include="..\assets\models\Terrain_XYZ_n.ply">
      <Filter>Assets\models</Filter>
    </None>
    <None Include="..\assets\shaders\vertexShader01.glsl">
      <Filter>Assets\shaders</Filter>
    </None>
    <None Include="..\assets\shaders\fragmentShader01.glsl">
      <Filter>Assets\shaders</Filter>
    </None>
    <None Include="..\assets\models\cube_Low_Hi_xyz_n.ply">
      <Filter>Assets\models</Filter>
    </None>
    <None Include="..\assets\models\cube_Low_Res_xyz_n.ply">
      <Filter>Assets\models</Filter>
    </None>
    <None Include="..\assets\models\Entire_Babbage_Space_Station_xyz_n.ply">
      <Filter>Assets\models</Filter>
    </None>
    <None Include="..\assets\models\Large_Physics_Bunny_XYZ_n.ply">
      <Filter>Assets\models</Filter>
    </None>
    <None Include="..\assets\models\Single_Triangle_XYZ_n_(XZ_Plane_facing_+ve_Y).ply">
      <Filter>Assets\models</Filter>
    </None>
    <None Include="..\assets\models\Physics\15982_Great_Pyramids_v1.ply">
      <Filter>Assets\models</Filter>
    </None>
    <None Include="..\assets\models\Physics\pyramid.ply">
      <Filter>Assets\models</Filter>
    </None>
  </ItemGroup>
  <ItemGroup>
    <Text Include="..\assets\keys.txt">
      <Filter>Assets</Filter>
    </Text>
  </ItemGroup>
</Project>