<?xml version="1.0" encoding="utf-8"?>
<Project ToolsVersion="4.0" xmlns="http://schemas.microsoft.com/developer/msbuild/2003">
  <ItemGroup>
    <Filter Include="Assets">
      <UniqueIdentifier>{9a1f41d3-41e3-4179-b3e4-92afdea00040}</UniqueIdentifier>
    </Filter>
    <Filter Include="Assets\models">
      <UniqueIdentifier>{e1c3e6cd-7989-4f19-b800-244dd1d66d77}</UniqueIdentifier>
    </Filter>
    <Filter Include="Assets\shaders">
      <UniqueIdentifier>{ed592962-3f94-4b87-a466-6e6a4dfd0435}</UniqueIdentifier>
    </Filter>
    <Filter Include="Physics">
      <UniqueIdentifier>{c9cd8538-17fe-4a5a-9a15-da94cb3ba479}</UniqueIdentifier>
    </Filter>
    <Filter Include="Graphics">
      <UniqueIdentifier>{88c606ae-72e6-451d-ba2c-cb8bb65d3373}</UniqueIdentifier>
    </Filter>
    <Filter Include="Assets\models\Physics">
      <UniqueIdentifier>{f7276281-e5ef-4981-8db1-ac5ae78ad194}</UniqueIdentifier>
    </Filter>
    <Filter Include="Assets\models\Graphics">
      <UniqueIdentifier>{7f67e0f2-b4de-48e7-97a6-83e6ed4931f5}</UniqueIdentifier>
    </Filter>
    <Filter Include="_Exteral Reference">
      <UniqueIdentifier>{0bdbf691-5c1a-44d6-80bc-f158e152d7a0}</UniqueIdentifier>
    </Filter>
    <Filter Include="_Exteral Reference\AudioTest">
      <UniqueIdentifier>{367be525-4c8f-4a4d-85fd-2a47cf3c3703}</UniqueIdentifier>
    </Filter>
    <Filter Include="_Exteral Reference\Common">
      <UniqueIdentifier>{00ae2ebb-3b60-4c4b-a3f1-d5e2e8ad45ad}</UniqueIdentifier>
    </Filter>
    <Filter Include="_Exteral Reference\GDP2019">
      <UniqueIdentifier>{32b81305-143d-4239-b48c-99611c37ec06}</UniqueIdentifier>
    </Filter>
    <Filter Include="_Exteral Reference\OtherTest">
      <UniqueIdentifier>{49c8020f-fa61-43a9-b058-7984683f98a8}</UniqueIdentifier>
    </Filter>
  </ItemGroup>
  <ItemGroup>
    <ClCompile Include="Master.cpp" />
    <ClCompile Include="Common\globalStuff.cpp">
      <Filter>_Exteral Reference\Common</Filter>
    </ClCompile>
    <ClCompile Include="Common\LoadGLFW.cpp">
      <Filter>_Exteral Reference\Common</Filter>
    </ClCompile>
    <ClCompile Include="Common\pFindObjectByFriendlyName.cpp">
      <Filter>_Exteral Reference\Common</Filter>
    </ClCompile>
    <ClCompile Include="AudioTest\test_Audio.cpp">
      <Filter>_Exteral Reference\AudioTest</Filter>
    </ClCompile>
    <ClCompile Include="AudioTest\test_AudioEngine.cpp">
      <Filter>_Exteral Reference\AudioTest</Filter>
    </ClCompile>
    <ClCompile Include="OtherTest\test_filesystem.cpp">
      <Filter>_Exteral Reference\OtherTest</Filter>
    </ClCompile>
    <ClCompile Include="OtherTest\test_gl.cpp">
      <Filter>_Exteral Reference\OtherTest</Filter>
    </ClCompile>
    <ClCompile Include="Physics\test_Physics.cpp">
      <Filter>Physics</Filter>
    </ClCompile>
    <ClCompile Include="GDP2019\GLFW_Callbacks.cpp">
      <Filter>_Exteral Reference\GDP2019</Filter>
    </ClCompile>
    <ClCompile Include="GDP2019\HandleDebugBallPhysics.cpp">
      <Filter>_Exteral Reference\GDP2019</Filter>
    </ClCompile>
    <ClCompile Include="GDP2019\HandleDebugLights.cpp">
      <Filter>_Exteral Reference\GDP2019</Filter>
    </ClCompile>
    <ClCompile Include="GDP2019\HandleDebugPirate.cpp">
      <Filter>_Exteral Reference\GDP2019</Filter>
    </ClCompile>
    <ClCompile Include="GDP2019\LightDebugSheres.cpp">
      <Filter>_Exteral Reference\GDP2019</Filter>
    </ClCompile>
    <ClCompile Include="GDP2019\save stuff.cpp">
      <Filter>_Exteral Reference\GDP2019</Filter>
    </ClCompile>
    <ClCompile Include="GDP2019\test_GDP2019.cpp">
      <Filter>_Exteral Reference\GDP2019</Filter>
    </ClCompile>
    <ClCompile Include="Physics\cPhysicsTilter.cpp">
      <Filter>Physics</Filter>
    </ClCompile>
    <ClCompile Include="Physics\Physics_Callback.cpp">
      <Filter>Physics</Filter>
    </ClCompile>
    <ClCompile Include="Physics\ObjectCreator.cpp">
      <Filter>Physics</Filter>
    </ClCompile>
    <ClCompile Include="Graphics\Graphics_Callback.cpp">
      <Filter>Graphics</Filter>
    </ClCompile>
    <ClCompile Include="Graphics\test_Graphics.cpp">
      <Filter>Graphics</Filter>
    </ClCompile>
    <ClCompile Include="Graphics\cGraphicsToObject.cpp">
      <Filter>Graphics</Filter>
    </ClCompile>
  </ItemGroup>
  <ItemGroup>
    <ClInclude Include="Master.h" />
    <ClInclude Include="Common\globalStuff.h">
      <Filter>_Exteral Reference\Common</Filter>
    </ClInclude>
    <ClInclude Include="Common\LoadGLFW.h">
      <Filter>_Exteral Reference\Common</Filter>
    </ClInclude>
    <ClInclude Include="Common\pFindObjectByFriendlyName.h">
      <Filter>_Exteral Reference\Common</Filter>
    </ClInclude>
    <ClInclude Include="AudioTest\test_Audio.h">
      <Filter>_Exteral Reference\AudioTest</Filter>
    </ClInclude>
    <ClInclude Include="AudioTest\test_AudioEngine.h">
      <Filter>_Exteral Reference\AudioTest</Filter>
    </ClInclude>
    <ClInclude Include="OtherTest\test_filesystem.h">
      <Filter>_Exteral Reference\OtherTest</Filter>
    </ClInclude>
    <ClInclude Include="OtherTest\test_gl.h">
      <Filter>_Exteral Reference\OtherTest</Filter>
    </ClInclude>
    <ClInclude Include="Physics\test_Physics.h">
      <Filter>Physics</Filter>
    </ClInclude>
    <ClInclude Include="GDP2019\GLFW_Callbacks.h">
      <Filter>_Exteral Reference\GDP2019</Filter>
    </ClInclude>
    <ClInclude Include="GDP2019\HandleDebugBallPhysics.h">
      <Filter>_Exteral Reference\GDP2019</Filter>
    </ClInclude>
    <ClInclude Include="GDP2019\HandleDebugLights.h">
      <Filter>_Exteral Reference\GDP2019</Filter>
    </ClInclude>
    <ClInclude Include="GDP2019\HandleDebugPirate.h">
      <Filter>_Exteral Reference\GDP2019</Filter>
    </ClInclude>
    <ClInclude Include="GDP2019\LightDebugSheres.h">
      <Filter>_Exteral Reference\GDP2019</Filter>
    </ClInclude>
    <ClInclude Include="GDP2019\test_GDP2019.h">
      <Filter>_Exteral Reference\GDP2019</Filter>
    </ClInclude>
    <ClInclude Include="Physics\cPhysicsTilter.h">
      <Filter>Physics</Filter>
    </ClInclude>
    <ClInclude Include="Physics\Physics_Callback.h">
      <Filter>Physics</Filter>
    </ClInclude>
    <ClInclude Include="Physics\ObjectCreator.h">
      <Filter>Physics</Filter>
    </ClInclude>
    <ClInclude Include="Graphics\Graphics_Callback.h">
      <Filter>Graphics</Filter>
    </ClInclude>
    <ClInclude Include="Graphics\test_Graphics.h">
      <Filter>Graphics</Filter>
    </ClInclude>
    <ClInclude Include="Graphics\cGraphicsToObject.h">
      <Filter>Graphics</Filter>
    </ClInclude>
  </ItemGroup>
  <ItemGroup>
    <Xml Include="..\assets\GraphicsLibrary(output).xml" />
    <Xml Include="..\assets\GraphicsLibrary.xml" />
    <Xml Include="..\assets\PhysicsLibrary(output).xml" />
    <Xml Include="..\assets\PhysicsLibrary.xml" />
    <Xml Include="..\assets\test_GDP2019.xml">
      <Filter>_Exteral Reference</Filter>
    </Xml>
  </ItemGroup>
  <ItemGroup>
    <None Include="..\assets\shaders\vertexShader01.glsl">
      <Filter>Assets\shaders</Filter>
    </None>
    <None Include="..\assets\shaders\fragmentShader01.glsl">
      <Filter>Assets\shaders</Filter>
    </None>
    <None Include="..\assets\models\Graphics\barrel.ply">
      <Filter>Assets\models\Graphics</Filter>
    </None>
    <None Include="..\assets\models\Graphics\Bomb.ply">
      <Filter>Assets\models\Graphics</Filter>
    </None>
    <None Include="..\assets\models\Graphics\canoe.ply">
      <Filter>Assets\models\Graphics</Filter>
    </None>
    <None Include="..\assets\models\Graphics\coin_map.ply">
      <Filter>Assets\models\Graphics</Filter>
    </None>
    <None Include="..\assets\models\Graphics\compass.ply">
      <Filter>Assets\models\Graphics</Filter>
    </None>
    <None Include="..\assets\models\Graphics\De_Zeven_Provincien_large.ply">
      <Filter>Assets\models\Graphics</Filter>
    </None>
    <None Include="..\assets\models\Graphics\foo.tmp">
      <Filter>Assets\models\Graphics</Filter>
    </None>
    <None Include="..\assets\models\Graphics\Kerosene_lamp_large.ply">
      <Filter>Assets\models\Graphics</Filter>
    </None>
    <None Include="..\assets\models\Graphics\lantern_obj.ply">
      <Filter>Assets\models\Graphics</Filter>
    </None>
    <None Include="..\assets\models\Graphics\parrot.ply">
      <Filter>Assets\models\Graphics</Filter>
    </None>
    <None Include="..\assets\models\Graphics\Pirate_sword_low_poly.ply">
      <Filter>Assets\models\Graphics</Filter>
    </None>
    <None Include="..\assets\models\Graphics\ship.ply">
      <Filter>Assets\models\Graphics</Filter>
    </None>
    <None Include="..\assets\models\Graphics\SimpleRedShip.ply">
      <Filter>Assets\models\Graphics</Filter>
    </None>
    <None Include="..\assets\models\Graphics\treasure_chest_assembled.ply">
      <Filter>Assets\models\Graphics</Filter>
    </None>
    <None Include="..\assets\models\Graphics\tresure_chest_closed_lowpoly.ply">
      <Filter>Assets\models\Graphics</Filter>
    </None>
    <None Include="..\assets\models\Physics\12953_ChocolateRabbit_v1.ply">
      <Filter>Assets\models\Physics</Filter>
    </None>
    <None Include="..\assets\models\Physics\BigFlatTerrain_XYZ_n.ply">
      <Filter>Assets\models\Physics</Filter>
    </None>
    <None Include="..\assets\models\Physics\Cube_1_Unit_from_origin_XYZ_n.ply">
      <Filter>Assets\models\Physics</Filter>
    </None>
    <None Include="..\assets\models\Physics\cube_Hi_Res_xyz_n.ply">
      <Filter>Assets\models\Physics</Filter>
    </None>
    <None Include="..\assets\models\Physics\cube_Low_Res_xyz_n - Copy.ply">
      <Filter>Assets\models\Physics</Filter>
    </None>
    <None Include="..\assets\models\Physics\cube_Low_Res_xyz_n.ply">
      <Filter>Assets\models\Physics</Filter>
    </None>
    <None Include="..\assets\models\Physics\Large_Physics_Bunny_XYZ_n.ply">
      <Filter>Assets\models\Physics</Filter>
    </None>
    <None Include="..\assets\models\Physics\pyramid.ply">
      <Filter>Assets\models\Physics</Filter>
    </None>
    <None Include="..\assets\models\Physics\pyramid_3.ply">
      <Filter>Assets\models\Physics</Filter>
    </None>
    <None Include="..\assets\models\Physics\Sphere_Radius_1_XYZ_n.ply">
      <Filter>Assets\models\Physics</Filter>
    </None>
    <None Include="..\assets\models\Graphics\Chest.ply">
      <Filter>Assets\models\Graphics</Filter>
    </None>
    <None Include="..\assets\models\Graphics\Crate.ply">
      <Filter>Assets\models\Graphics</Filter>
    </None>
    <None Include="..\assets\models\Graphics\Crate2.ply">
      <Filter>Assets\models\Graphics</Filter>
    </None>
    <None Include="..\assets\models\Graphics\cube_Low_Res_xyz_n.ply">
      <Filter>Assets\models\Graphics</Filter>
    </None>
    <None Include="..\assets\models\Graphics\Sky_Pirate_Combined_xyz_n.ply">
      <Filter>Assets\models\Graphics</Filter>
    </None>
    <None Include="..\assets\models\Graphics\Sphere_Radius_1_XYZ_n.ply">
      <Filter>Assets\models\Graphics</Filter>
    </None>
    <None Include="..\assets\models\Graphics\Terrain_XYZ_n.ply">
      <Filter>Assets\models\Graphics</Filter>
    </None>
    <None Include="..\assets\models\Graphics\torch.ply">
      <Filter>Assets\models\Graphics</Filter>
    </None>
  </ItemGroup>
  <ItemGroup>
    <Text Include="..\assets\GraphicsKeys.txt" />
    <Text Include="..\assets\keys.txt">
      <Filter>_Exteral Reference</Filter>
    </Text>
    <Text Include="Readme.txt" />
  </ItemGroup>
</Project>